// !$*UTF8*$!
{
	archiveVersion = 1;
	classes = {
	};
	objectVersion = 46;
	objects = {

/* Begin PBXBuildFile section */
		CF40A97F1C744390004DAA70 /* main.m in Sources */ = {isa = PBXBuildFile; fileRef = CF40A97E1C744390004DAA70 /* main.m */; };
		CF40A9821C744390004DAA70 /* AppDelegate.m in Sources */ = {isa = PBXBuildFile; fileRef = CF40A9811C744390004DAA70 /* AppDelegate.m */; };
		CF40A9851C744390004DAA70 /* ViewController.m in Sources */ = {isa = PBXBuildFile; fileRef = CF40A9841C744390004DAA70 /* ViewController.m */; };
		CF40A9881C744390004DAA70 /* Main.storyboard in Resources */ = {isa = PBXBuildFile; fileRef = CF40A9861C744390004DAA70 /* Main.storyboard */; };
		CF40A98A1C744390004DAA70 /* Assets.xcassets in Resources */ = {isa = PBXBuildFile; fileRef = CF40A9891C744390004DAA70 /* Assets.xcassets */; };
		CF40A98D1C744390004DAA70 /* LaunchScreen.storyboard in Resources */ = {isa = PBXBuildFile; fileRef = CF40A98B1C744390004DAA70 /* LaunchScreen.storyboard */; };
		CF40A9981C744390004DAA70 /* Demo2_UIBezierPathTests.m in Sources */ = {isa = PBXBuildFile; fileRef = CF40A9971C744390004DAA70 /* Demo2_UIBezierPathTests.m */; };
		CF40A9A31C744390004DAA70 /* Demo2_UIBezierPathUITests.m in Sources */ = {isa = PBXBuildFile; fileRef = CF40A9A21C744390004DAA70 /* Demo2_UIBezierPathUITests.m */; };
		CF40A9B21C744563004DAA70 /* MyView.m in Sources */ = {isa = PBXBuildFile; fileRef = CF40A9B11C744563004DAA70 /* MyView.m */; };
/* End PBXBuildFile section */

/* Begin PBXContainerItemProxy section */
		CF40A9941C744390004DAA70 /* PBXContainerItemProxy */ = {
			isa = PBXContainerItemProxy;
			containerPortal = CF40A9721C744390004DAA70 /* Project object */;
			proxyType = 1;
			remoteGlobalIDString = CF40A9791C744390004DAA70;
			remoteInfo = Demo2_UIBezierPath;
		};
		CF40A99F1C744390004DAA70 /* PBXContainerItemProxy */ = {
			isa = PBXContainerItemProxy;
			containerPortal = CF40A9721C744390004DAA70 /* Project object */;
			proxyType = 1;
			remoteGlobalIDString = CF40A9791C744390004DAA70;
			remoteInfo = Demo2_UIBezierPath;
		};
/* End PBXContainerItemProxy section */

/* Begin PBXFileReference section */
		CF40A97A1C744390004DAA70 /* Demo2_UIBezierPath.app */ = {isa = PBXFileReference; explicitFileType = wrapper.application; includeInIndex = 0; path = Demo2_UIBezierPath.app; sourceTree = BUILT_PRODUCTS_DIR; };
		CF40A97E1C744390004DAA70 /* main.m */ = {isa = PBXFileReference; lastKnownFileType = sourcecode.c.objc; path = main.m; sourceTree = "<group>"; };
		CF40A9801C744390004DAA70 /* AppDelegate.h */ = {isa = PBXFileReference; lastKnownFileType = sourcecode.c.h; path = AppDelegate.h; sourceTree = "<group>"; };
		CF40A9811C744390004DAA70 /* AppDelegate.m */ = {isa = PBXFileReference; lastKnownFileType = sourcecode.c.objc; path = AppDelegate.m; sourceTree = "<group>"; };
		CF40A9831C744390004DAA70 /* ViewController.h */ = {isa = PBXFileReference; lastKnownFileType = sourcecode.c.h; path = ViewController.h; sourceTree = "<group>"; };
		CF40A9841C744390004DAA70 /* ViewController.m */ = {isa = PBXFileReference; lastKnownFileType = sourcecode.c.objc; path = ViewController.m; sourceTree = "<group>"; };
		CF40A9871C744390004DAA70 /* Base */ = {isa = PBXFileReference; lastKnownFileType = file.storyboard; name = Base; path = Base.lproj/Main.storyboard; sourceTree = "<group>"; };
		CF40A9891C744390004DAA70 /* Assets.xcassets */ = {isa = PBXFileReference; lastKnownFileType = folder.assetcatalog; path = Assets.xcassets; sourceTree = "<group>"; };
		CF40A98C1C744390004DAA70 /* Base */ = {isa = PBXFileReference; lastKnownFileType = file.storyboard; name = Base; path = Base.lproj/LaunchScreen.storyboard; sourceTree = "<group>"; };
		CF40A98E1C744390004DAA70 /* Info.plist */ = {isa = PBXFileReference; lastKnownFileType = text.plist.xml; path = Info.plist; sourceTree = "<group>"; };
		CF40A9931C744390004DAA70 /* Demo2_UIBezierPathTests.xctest */ = {isa = PBXFileReference; explicitFileType = wrapper.cfbundle; includeInIndex = 0; path = Demo2_UIBezierPathTests.xctest; sourceTree = BUILT_PRODUCTS_DIR; };
		CF40A9971C744390004DAA70 /* Demo2_UIBezierPathTests.m */ = {isa = PBXFileReference; lastKnownFileType = sourcecode.c.objc; path = Demo2_UIBezierPathTests.m; sourceTree = "<group>"; };
		CF40A9991C744390004DAA70 /* Info.plist */ = {isa = PBXFileReference; lastKnownFileType = text.plist.xml; path = Info.plist; sourceTree = "<group>"; };
		CF40A99E1C744390004DAA70 /* Demo2_UIBezierPathUITests.xctest */ = {isa = PBXFileReference; explicitFileType = wrapper.cfbundle; includeInIndex = 0; path = Demo2_UIBezierPathUITests.xctest; sourceTree = BUILT_PRODUCTS_DIR; };
		CF40A9A21C744390004DAA70 /* Demo2_UIBezierPathUITests.m */ = {isa = PBXFileReference; lastKnownFileType = sourcecode.c.objc; path = Demo2_UIBezierPathUITests.m; sourceTree = "<group>"; };
		CF40A9A41C744390004DAA70 /* Info.plist */ = {isa = PBXFileReference; lastKnownFileType = text.plist.xml; path = Info.plist; sourceTree = "<group>"; };
		CF40A9B01C744563004DAA70 /* MyView.h */ = {isa = PBXFileReference; fileEncoding = 4; lastKnownFileType = sourcecode.c.h; path = MyView.h; sourceTree = "<group>"; };
		CF40A9B11C744563004DAA70 /* MyView.m */ = {isa = PBXFileReference; fileEncoding = 4; lastKnownFileType = sourcecode.c.objc; path = MyView.m; sourceTree = "<group>"; };
/* End PBXFileReference section */

/* Begin PBXFrameworksBuildPhase section */
		CF40A9771C744390004DAA70 /* Frameworks */ = {
			isa = PBXFrameworksBuildPhase;
			buildActionMask = 2147483647;
			files = (
			);
			runOnlyForDeploymentPostprocessing = 0;
		};
		CF40A9901C744390004DAA70 /* Frameworks */ = {
			isa = PBXFrameworksBuildPhase;
			buildActionMask = 2147483647;
			files = (
			);
			runOnlyForDeploymentPostprocessing = 0;
		};
		CF40A99B1C744390004DAA70 /* Frameworks */ = {
			isa = PBXFrameworksBuildPhase;
			buildActionMask = 2147483647;
			files = (
			);
			runOnlyForDeploymentPostprocessing = 0;
		};
/* End PBXFrameworksBuildPhase section */

/* Begin PBXGroup section */
		CF40A9711C744390004DAA70 = {
			isa = PBXGroup;
			children = (
				CF40A97C1C744390004DAA70 /* Demo2_UIBezierPath */,
				CF40A9961C744390004DAA70 /* Demo2_UIBezierPathTests */,
				CF40A9A11C744390004DAA70 /* Demo2_UIBezierPathUITests */,
				CF40A97B1C744390004DAA70 /* Products */,
			);
			sourceTree = "<group>";
		};
		CF40A97B1C744390004DAA70 /* Products */ = {
			isa = PBXGroup;
			children = (
				CF40A97A1C744390004DAA70 /* Demo2_UIBezierPath.app */,
				CF40A9931C744390004DAA70 /* Demo2_UIBezierPathTests.xctest */,
				CF40A99E1C744390004DAA70 /* Demo2_UIBezierPathUITests.xctest */,
			);
			name = Products;
			sourceTree = "<group>";
		};
		CF40A97C1C744390004DAA70 /* Demo2_UIBezierPath */ = {
			isa = PBXGroup;
			children = (
				CF40A9801C744390004DAA70 /* AppDelegate.h */,
				CF40A9811C744390004DAA70 /* AppDelegate.m */,
				CF40A9831C744390004DAA70 /* ViewController.h */,
				CF40A9841C744390004DAA70 /* ViewController.m */,
				CF40A9861C744390004DAA70 /* Main.storyboard */,
				CF40A9891C744390004DAA70 /* Assets.xcassets */,
				CF40A98B1C744390004DAA70 /* LaunchScreen.storyboard */,
				CF40A98E1C744390004DAA70 /* Info.plist */,
				CF40A97D1C744390004DAA70 /* Supporting Files */,
				CF40A9B01C744563004DAA70 /* MyView.h */,
				CF40A9B11C744563004DAA70 /* MyView.m */,
			);
			path = Demo2_UIBezierPath;
			sourceTree = "<group>";
		};
		CF40A97D1C744390004DAA70 /* Supporting Files */ = {
			isa = PBXGroup;
			children = (
				CF40A97E1C744390004DAA70 /* main.m */,
			);
			name = "Supporting Files";
			sourceTree = "<group>";
		};
		CF40A9961C744390004DAA70 /* Demo2_UIBezierPathTests */ = {
			isa = PBXGroup;
			children = (
				CF40A9971C744390004DAA70 /* Demo2_UIBezierPathTests.m */,
				CF40A9991C744390004DAA70 /* Info.plist */,
			);
			path = Demo2_UIBezierPathTests;
			sourceTree = "<group>";
		};
		CF40A9A11C744390004DAA70 /* Demo2_UIBezierPathUITests */ = {
			isa = PBXGroup;
			children = (
				CF40A9A21C744390004DAA70 /* Demo2_UIBezierPathUITests.m */,
				CF40A9A41C744390004DAA70 /* Info.plist */,
			);
			path = Demo2_UIBezierPathUITests;
			sourceTree = "<group>";
		};
/* End PBXGroup section */

/* Begin PBXNativeTarget section */
		CF40A9791C744390004DAA70 /* Demo2_UIBezierPath */ = {
			isa = PBXNativeTarget;
			buildConfigurationList = CF40A9A71C744390004DAA70 /* Build configuration list for PBXNativeTarget "Demo2_UIBezierPath" */;
			buildPhases = (
				CF40A9761C744390004DAA70 /* Sources */,
				CF40A9771C744390004DAA70 /* Frameworks */,
				CF40A9781C744390004DAA70 /* Resources */,
			);
			buildRules = (
			);
			dependencies = (
			);
			name = Demo2_UIBezierPath;
			productName = Demo2_UIBezierPath;
			productReference = CF40A97A1C744390004DAA70 /* Demo2_UIBezierPath.app */;
			productType = "com.apple.product-type.application";
		};
		CF40A9921C744390004DAA70 /* Demo2_UIBezierPathTests */ = {
			isa = PBXNativeTarget;
			buildConfigurationList = CF40A9AA1C744390004DAA70 /* Build configuration list for PBXNativeTarget "Demo2_UIBezierPathTests" */;
			buildPhases = (
				CF40A98F1C744390004DAA70 /* Sources */,
				CF40A9901C744390004DAA70 /* Frameworks */,
				CF40A9911C744390004DAA70 /* Resources */,
			);
			buildRules = (
			);
			dependencies = (
				CF40A9951C744390004DAA70 /* PBXTargetDependency */,
			);
			name = Demo2_UIBezierPathTests;
			productName = Demo2_UIBezierPathTests;
			productReference = CF40A9931C744390004DAA70 /* Demo2_UIBezierPathTests.xctest */;
			productType = "com.apple.product-type.bundle.unit-test";
		};
		CF40A99D1C744390004DAA70 /* Demo2_UIBezierPathUITests */ = {
			isa = PBXNativeTarget;
			buildConfigurationList = CF40A9AD1C744390004DAA70 /* Build configuration list for PBXNativeTarget "Demo2_UIBezierPathUITests" */;
			buildPhases = (
				CF40A99A1C744390004DAA70 /* Sources */,
				CF40A99B1C744390004DAA70 /* Frameworks */,
				CF40A99C1C744390004DAA70 /* Resources */,
			);
			buildRules = (
			);
			dependencies = (
				CF40A9A01C744390004DAA70 /* PBXTargetDependency */,
			);
			name = Demo2_UIBezierPathUITests;
			productName = Demo2_UIBezierPathUITests;
			productReference = CF40A99E1C744390004DAA70 /* Demo2_UIBezierPathUITests.xctest */;
			productType = "com.apple.product-type.bundle.ui-testing";
		};
/* End PBXNativeTarget section */

/* Begin PBXProject section */
		CF40A9721C744390004DAA70 /* Project object */ = {
			isa = PBXProject;
			attributes = {
				LastUpgradeCheck = 0720;
				ORGANIZATIONNAME = jiangsu;
				TargetAttributes = {
					CF40A9791C744390004DAA70 = {
						CreatedOnToolsVersion = 7.2.1;
						DevelopmentTeam = 4SU7V64Q9J;
					};
					CF40A9921C744390004DAA70 = {
						CreatedOnToolsVersion = 7.2.1;
						DevelopmentTeam = 4SU7V64Q9J;
						TestTargetID = CF40A9791C744390004DAA70;
					};
					CF40A99D1C744390004DAA70 = {
						CreatedOnToolsVersion = 7.2.1;
						DevelopmentTeam = 4SU7V64Q9J;
						TestTargetID = CF40A9791C744390004DAA70;
					};
				};
			};
			buildConfigurationList = CF40A9751C744390004DAA70 /* Build configuration list for PBXProject "Demo2_UIBezierPath" */;
			compatibilityVersion = "Xcode 3.2";
			developmentRegion = English;
			hasScannedForEncodings = 0;
			knownRegions = (
				en,
				Base,
			);
			mainGroup = CF40A9711C744390004DAA70;
			productRefGroup = CF40A97B1C744390004DAA70 /* Products */;
			projectDirPath = "";
			projectRoot = "";
			targets = (
				CF40A9791C744390004DAA70 /* Demo2_UIBezierPath */,
				CF40A9921C744390004DAA70 /* Demo2_UIBezierPathTests */,
				CF40A99D1C744390004DAA70 /* Demo2_UIBezierPathUITests */,
			);
		};
/* End PBXProject section */

/* Begin PBXResourcesBuildPhase section */
		CF40A9781C744390004DAA70 /* Resources */ = {
			isa = PBXResourcesBuildPhase;
			buildActionMask = 2147483647;
			files = (
				CF40A98D1C744390004DAA70 /* LaunchScreen.storyboard in Resources */,
				CF40A98A1C744390004DAA70 /* Assets.xcassets in Resources */,
				CF40A9881C744390004DAA70 /* Main.storyboard in Resources */,
			);
			runOnlyForDeploymentPostprocessing = 0;
		};
		CF40A9911C744390004DAA70 /* Resources */ = {
			isa = PBXResourcesBuildPhase;
			buildActionMask = 2147483647;
			files = (
			);
			runOnlyForDeploymentPostprocessing = 0;
		};
		CF40A99C1C744390004DAA70 /* Resources */ = {
			isa = PBXResourcesBuildPhase;
			buildActionMask = 2147483647;
			files = (
			);
			runOnlyForDeploymentPostprocessing = 0;
		};
/* End PBXResourcesBuildPhase section */

/* Begin PBXSourcesBuildPhase section */
		CF40A9761C744390004DAA70 /* Sources */ = {
			isa = PBXSourcesBuildPhase;
			buildActionMask = 2147483647;
			files = (
				CF40A9B21C744563004DAA70 /* MyView.m in Sources */,
				CF40A9851C744390004DAA70 /* ViewController.m in Sources */,
				CF40A9821C744390004DAA70 /* AppDelegate.m in Sources */,
				CF40A97F1C744390004DAA70 /* main.m in Sources */,
			);
			runOnlyForDeploymentPostprocessing = 0;
		};
		CF40A98F1C744390004DAA70 /* Sources */ = {
			isa = PBXSourcesBuildPhase;
			buildActionMask = 2147483647;
			files = (
				CF40A9981C744390004DAA70 /* Demo2_UIBezierPathTests.m in Sources */,
			);
			runOnlyForDeploymentPostprocessing = 0;
		};
		CF40A99A1C744390004DAA70 /* Sources */ = {
			isa = PBXSourcesBuildPhase;
			buildActionMask = 2147483647;
			files = (
				CF40A9A31C744390004DAA70 /* Demo2_UIBezierPathUITests.m in Sources */,
			);
			runOnlyForDeploymentPostprocessing = 0;
		};
/* End PBXSourcesBuildPhase section */

/* Begin PBXTargetDependency section */
		CF40A9951C744390004DAA70 /* PBXTargetDependency */ = {
			isa = PBXTargetDependency;
			target = CF40A9791C744390004DAA70 /* Demo2_UIBezierPath */;
			targetProxy = CF40A9941C744390004DAA70 /* PBXContainerItemProxy */;
		};
		CF40A9A01C744390004DAA70 /* PBXTargetDependency */ = {
			isa = PBXTargetDependency;
			target = CF40A9791C744390004DAA70 /* Demo2_UIBezierPath */;
			targetProxy = CF40A99F1C744390004DAA70 /* PBXContainerItemProxy */;
		};
/* End PBXTargetDependency section */

/* Begin PBXVariantGroup section */
		CF40A9861C744390004DAA70 /* Main.storyboard */ = {
			isa = PBXVariantGroup;
			children = (
				CF40A9871C744390004DAA70 /* Base */,
			);
			name = Main.storyboard;
			sourceTree = "<group>";
		};
		CF40A98B1C744390004DAA70 /* LaunchScreen.storyboard */ = {
			isa = PBXVariantGroup;
			children = (
				CF40A98C1C744390004DAA70 /* Base */,
			);
			name = LaunchScreen.storyboard;
			sourceTree = "<group>";
		};
/* End PBXVariantGroup section */

/* Begin XCBuildConfiguration section */
		CF40A9A51C744390004DAA70 /* Debug */ = {
			isa = XCBuildConfiguration;
			buildSettings = {
				ALWAYS_SEARCH_USER_PATHS = NO;
				CLANG_CXX_LANGUAGE_STANDARD = "gnu++0x";
				CLANG_CXX_LIBRARY = "libc++";
				CLANG_ENABLE_MODULES = YES;
				CLANG_ENABLE_OBJC_ARC = YES;
				CLANG_WARN_BOOL_CONVERSION = YES;
				CLANG_WARN_CONSTANT_CONVERSION = YES;
				CLANG_WARN_DIRECT_OBJC_ISA_USAGE = YES_ERROR;
				CLANG_WARN_EMPTY_BODY = YES;
				CLANG_WARN_ENUM_CONVERSION = YES;
				CLANG_WARN_INT_CONVERSION = YES;
				CLANG_WARN_OBJC_ROOT_CLASS = YES_ERROR;
				CLANG_WARN_UNREACHABLE_CODE = YES;
				CLANG_WARN__DUPLICATE_METHOD_MATCH = YES;
				"CODE_SIGN_IDENTITY[sdk=iphoneos*]" = "iPhone Developer";
				COPY_PHASE_STRIP = NO;
				DEBUG_INFORMATION_FORMAT = dwarf;
				ENABLE_STRICT_OBJC_MSGSEND = YES;
				ENABLE_TESTABILITY = YES;
				GCC_C_LANGUAGE_STANDARD = gnu99;
				GCC_DYNAMIC_NO_PIC = NO;
				GCC_NO_COMMON_BLOCKS = YES;
				GCC_OPTIMIZATION_LEVEL = 0;
				GCC_PREPROCESSOR_DEFINITIONS = (
					"DEBUG=1",
					"$(inherited)",
				);
				GCC_WARN_64_TO_32_BIT_CONVERSION = YES;
				GCC_WARN_ABOUT_RETURN_TYPE = YES_ERROR;
				GCC_WARN_UNDECLARED_SELECTOR = YES;
				GCC_WARN_UNINITIALIZED_AUTOS = YES_AGGRESSIVE;
				GCC_WARN_UNUSED_FUNCTION = YES;
				GCC_WARN_UNUSED_VARIABLE = YES;
				IPHONEOS_DEPLOYMENT_TARGET = 9.2;
				MTL_ENABLE_DEBUG_INFO = YES;
				ONLY_ACTIVE_ARCH = YES;
				SDKROOT = iphoneos;
			};
			name = Debug;
		};
		CF40A9A61C744390004DAA70 /* Release */ = {
			isa = XCBuildConfiguration;
			buildSettings = {
				ALWAYS_SEARCH_USER_PATHS = NO;
				CLANG_CXX_LANGUAGE_STANDARD = "gnu++0x";
				CLANG_CXX_LIBRARY = "libc++";
				CLANG_ENABLE_MODULES = YES;
				CLANG_ENABLE_OBJC_ARC = YES;
				CLANG_WARN_BOOL_CONVERSION = YES;
				CLANG_WARN_CONSTANT_CONVERSION = YES;
				CLANG_WARN_DIRECT_OBJC_ISA_USAGE = YES_ERROR;
				CLANG_WARN_EMPTY_BODY = YES;
				CLANG_WARN_ENUM_CONVERSION = YES;
				CLANG_WARN_INT_CONVERSION = YES;
				CLANG_WARN_OBJC_ROOT_CLASS = YES_ERROR;
				CLANG_WARN_UNREACHABLE_CODE = YES;
				CLANG_WARN__DUPLICATE_METHOD_MATCH = YES;
				"CODE_SIGN_IDENTITY[sdk=iphoneos*]" = "iPhone Developer";
				COPY_PHASE_STRIP = NO;
				DEBUG_INFORMATION_FORMAT = "dwarf-with-dsym";
				ENABLE_NS_ASSERTIONS = NO;
				ENABLE_STRICT_OBJC_MSGSEND = YES;
				GCC_C_LANGUAGE_STANDARD = gnu99;
				GCC_NO_COMMON_BLOCKS = YES;
				GCC_WARN_64_TO_32_BIT_CONVERSION = YES;
				GCC_WARN_ABOUT_RETURN_TYPE = YES_ERROR;
				GCC_WARN_UNDECLARED_SELECTOR = YES;
				GCC_WARN_UNINITIALIZED_AUTOS = YES_AGGRESSIVE;
				GCC_WARN_UNUSED_FUNCTION = YES;
				GCC_WARN_UNUSED_VARIABLE = YES;
				IPHONEOS_DEPLOYMENT_TARGET = 9.2;
				MTL_ENABLE_DEBUG_INFO = NO;
				SDKROOT = iphoneos;
				VALIDATE_PRODUCT = YES;
			};
			name = Release;
		};
		CF40A9A81C744390004DAA70 /* Debug */ = {
			isa = XCBuildConfiguration;
			buildSettings = {
				ASSETCATALOG_COMPILER_APPICON_NAME = AppIcon;
				INFOPLIST_FILE = Demo2_UIBezierPath/Info.plist;
				LD_RUNPATH_SEARCH_PATHS = "$(inherited) @executable_path/Frameworks";
				PRODUCT_BUNDLE_IDENTIFIER = "com.jiangsu.Demo2-UIBezierPath";
				PRODUCT_NAME = "$(TARGET_NAME)";
			};
			name = Debug;
		};
		CF40A9A91C744390004DAA70 /* Release */ = {
			isa = XCBuildConfiguration;
			buildSettings = {
				ASSETCATALOG_COMPILER_APPICON_NAME = AppIcon;
				INFOPLIST_FILE = Demo2_UIBezierPath/Info.plist;
				LD_RUNPATH_SEARCH_PATHS = "$(inherited) @executable_path/Frameworks";
				PRODUCT_BUNDLE_IDENTIFIER = "com.jiangsu.Demo2-UIBezierPath";
				PRODUCT_NAME = "$(TARGET_NAME)";
			};
			name = Release;
		};
		CF40A9AB1C744390004DAA70 /* Debug */ = {
			isa = XCBuildConfiguration;
			buildSettings = {
				BUNDLE_LOADER = "$(TEST_HOST)";
				INFOPLIST_FILE = Demo2_UIBezierPathTests/Info.plist;
				LD_RUNPATH_SEARCH_PATHS = "$(inherited) @executable_path/Frameworks @loader_path/Frameworks";
				PRODUCT_BUNDLE_IDENTIFIER = "com.jiangsu.Demo2-UIBezierPathTests";
				PRODUCT_NAME = "$(TARGET_NAME)";
				TEST_HOST = "$(BUILT_PRODUCTS_DIR)/Demo2_UIBezierPath.app/Demo2_UIBezierPath";
			};
			name = Debug;
		};
		CF40A9AC1C744390004DAA70 /* Release */ = {
			isa = XCBuildConfiguration;
			buildSettings = {
				BUNDLE_LOADER = "$(TEST_HOST)";
				INFOPLIST_FILE = Demo2_UIBezierPathTests/Info.plist;
				LD_RUNPATH_SEARCH_PATHS = "$(inherited) @executable_path/Frameworks @loader_path/Frameworks";
				PRODUCT_BUNDLE_IDENTIFIER = "com.jiangsu.Demo2-UIBezierPathTests";
				PRODUCT_NAME = "$(TARGET_NAME)";
				TEST_HOST = "$(BUILT_PRODUCTS_DIR)/Demo2_UIBezierPath.app/Demo2_UIBezierPath";
			};
			name = Release;
		};
		CF40A9AE1C744390004DAA70 /* Debug */ = {
			isa = XCBuildConfiguration;
			buildSettings = {
				INFOPLIST_FILE = Demo2_UIBezierPathUITests/Info.plist;
				LD_RUNPATH_SEARCH_PATHS = "$(inherited) @executable_path/Frameworks @loader_path/Frameworks";
				PRODUCT_BUNDLE_IDENTIFIER = "com.jiangsu.Demo2-UIBezierPathUITests";
				PRODUCT_NAME = "$(TARGET_NAME)";
				TEST_TARGET_NAME = Demo2_UIBezierPath;
				USES_XCTRUNNER = YES;
			};
			name = Debug;
		};
		CF40A9AF1C744390004DAA70 /* Release */ = {
			isa = XCBuildConfiguration;
			buildSettings = {
				INFOPLIST_FILE = Demo2_UIBezierPathUITests/Info.plist;
				LD_RUNPATH_SEARCH_PATHS = "$(inherited) @executable_path/Frameworks @loader_path/Frameworks";
				PRODUCT_BUNDLE_IDENTIFIER = "com.jiangsu.Demo2-UIBezierPathUITests";
				PRODUCT_NAME = "$(TARGET_NAME)";
				TEST_TARGET_NAME = Demo2_UIBezierPath;
				USES_XCTRUNNER = YES;
			};
			name = Release;
		};
/* End XCBuildConfiguration section */

/* Begin XCConfigurationList section */
		CF40A9751C744390004DAA70 /* Build configuration list for PBXProject "Demo2_UIBezierPath" */ = {
			isa = XCConfigurationList;
			buildConfigurations = (
				CF40A9A51C744390004DAA70 /* Debug */,
				CF40A9A61C744390004DAA70 /* Release */,
			);
			defaultConfigurationIsVisible = 0;
			defaultConfigurationName = Release;
		};
		CF40A9A71C744390004DAA70 /* Build configuration list for PBXNativeTarget "Demo2_UIBezierPath" */ = {
			isa = XCConfigurationList;
			buildConfigurations = (
				CF40A9A81C744390004DAA70 /* Debug */,
				CF40A9A91C744390004DAA70 /* Release */,
			);
			defaultConfigurationIsVisible = 0;
		};
		CF40A9AA1C744390004DAA70 /* Build configuration list for PBXNativeTarget "Demo2_UIBezierPathTests" */ = {
			isa = XCConfigurationList;
			buildConfigurations = (
				CF40A9AB1C744390004DAA70 /* Debug */,
				CF40A9AC1C744390004DAA70 /* Release */,
			);
			defaultConfigurationIsVisible = 0;
		};
		CF40A9AD1C744390004DAA70 /* Build configuration list for PBXNativeTarget "Demo2_UIBezierPathUITests" */ = {
			isa = XCConfigurationList;
			buildConfigurations = (
				CF40A9AE1C744390004DAA70 /* Debug */,
				CF40A9AF1C744390004DAA70 /* Release */,
			);
			defaultConfigurationIsVisible = 0;
		};
/* End XCConfigurationList section */
	};
	rootObject = CF40A9721C744390004DAA70 /* Project object */;
}
